<?xml version="1.0" encoding="utf-8"?>
<Project ToolsVersion="4.0" xmlns="http://schemas.microsoft.com/developer/msbuild/2003">
  <ItemGroup>
    <ClCompile Include="Main.cpp" />
    <ClCompile Include="Sector.cpp" />
    <ClCompile Include="new.cpp" />
  </ItemGroup>
  <ItemGroup>
    <ClInclude Include="Main.hpp" />
    <ClInclude Include="Sector.hpp" />
    <ClInclude Include="vector.hpp" />
    <ClInclude Include="new.hpp" />
  </ItemGroup>
</Project>