<?xml version="1.0" encoding="utf-8"?>
<Project ToolsVersion="4.0" xmlns="http://schemas.microsoft.com/developer/msbuild/2003">
  <ItemGroup>
    <ClCompile Include="Main.cpp" />
    <ClCompile Include="Sector.cpp" />
    <ClCompile Include="DeviceIo.cpp" />
    <ClCompile Include="SectorIoctlHandlers.cpp" />
    <ClCompile Include="new.cpp">
      <Filter>STL</Filter>
    </ClCompile>
  </ItemGroup>
  <ItemGroup>
    <ClInclude Include="Driver.hpp" />
    <ClInclude Include="Sector.hpp" />
    <ClInclude Include="DeviceIo.hpp" />
    <ClInclude Include="SectorIoctlHandlers.hpp" />
    <ClInclude Include="vector.hpp">
      <Filter>STL</Filter>
    </ClInclude>
    <ClInclude Include="new.hpp">
      <Filter>STL</Filter>
    </ClInclude>
  </ItemGroup>
  <ItemGroup>
    <Filter Include="STL">
      <UniqueIdentifier>{cf489a54-42db-4125-84e2-28f4716c7bdd}</UniqueIdentifier>
    </Filter>
  </ItemGroup>
</Project>